
Microsoft Visual Studio Solution File, Format Version 12.00
# Visual Studio 2012
Project("{FAE04EC0-301F-11D3-BF4B-00C04F79EFBC}") = "BuruuHagane", "BuruuHagane\BuruuHagane.csproj", "{F4D3F255-89C3-4BD4-8689-4D930FAAEDB8}"
EndProject
Project("{FAE04EC0-301F-11D3-BF4B-00C04F79EFBC}") = "BuruuHagane.Test", "BuruuHagane.Test\BuruuHagane.Test.csproj", "{4CBA238F-51A2-499F-A96C-00153EC11C7F}"
EndProject
Global
	GlobalSection(SolutionConfigurationPlatforms) = preSolution
		Debug|Any CPU = Debug|Any CPU
		Release|Any CPU = Release|Any CPU
	EndGlobalSection
	GlobalSection(ProjectConfigurationPlatforms) = postSolution
		{4CBA238F-51A2-499F-A96C-00153EC11C7F}.Debug|Any CPU.ActiveCfg = Debug|Any CPU
		{4CBA238F-51A2-499F-A96C-00153EC11C7F}.Debug|Any CPU.Build.0 = Debug|Any CPU
		{4CBA238F-51A2-499F-A96C-00153EC11C7F}.Release|Any CPU.ActiveCfg = Release|Any CPU
		{4CBA238F-51A2-499F-A96C-00153EC11C7F}.Release|Any CPU.Build.0 = Release|Any CPU
		{F4D3F255-89C3-4BD4-8689-4D930FAAEDB8}.Debug|Any CPU.ActiveCfg = Debug|Any CPU
		{F4D3F255-89C3-4BD4-8689-4D930FAAEDB8}.Debug|Any CPU.Build.0 = Debug|Any CPU
		{F4D3F255-89C3-4BD4-8689-4D930FAAEDB8}.Release|Any CPU.ActiveCfg = Release|Any CPU
		{F4D3F255-89C3-4BD4-8689-4D930FAAEDB8}.Release|Any CPU.Build.0 = Release|Any CPU
	EndGlobalSection
	GlobalSection(MonoDevelopProperties) = preSolution
		StartupItem = BuruuHagane\BuruuHagane.csproj
	EndGlobalSection
EndGlobal
